{
  "nodes": {
    "nix-node-package": {
      "locked": {
        "lastModified": 1679829317,
        "narHash": "sha256-hqe3sVEZYPoVBmMRA6ZvN13FXQq+rg2jfEaB67OrVOc=",
        "owner": "mkg20001",
        "repo": "nix-node-package",
        "rev": "1ba9429515afcea88b817a80e5bad284ca71a78e",
        "type": "github"
      },
      "original": {
        "owner": "mkg20001",
        "ref": "master",
        "repo": "nix-node-package",
        "type": "github"
      }
    },
    "nixos-hardware": {
      "locked": {
        "lastModified": 1679765008,
        "narHash": "sha256-VCkg/wC2e882suYDS5PDAemaMLYSOdFm4fsx2gowMR0=",
        "owner": "nixos",
        "repo": "nixos-hardware",
        "rev": "f38f9a4c9b2b6f89a5778465e0afd166a8300680",
        "type": "github"
      },
      "original": {
        "owner": "nixos",
        "ref": "master",
        "repo": "nixos-hardware",
        "type": "github"
      }
    },
    "nixpkgs": {
      "locked": {
        "lastModified": 1679823584,
        "narHash": "sha256-rGfuV9LRmbh7S5npTL7tWSHdER+sBk9AJ1MFtZmE4VY=",
        "owner": "mkg20001",
        "repo": "nixpkgs",
        "rev": "7b16832cac093cbb19740ef5ca540e4346f521d8",
        "type": "github"
      },
      "original": {
        "owner": "mkg20001",
        "ref": "mkg-patch",
        "repo": "nixpkgs",
        "type": "github"
      }
    },
    "root": {
      "inputs": {
        "nix-node-package": "nix-node-package",
        "nixos-hardware": "nixos-hardware",
        "nixpkgs": "nixpkgs"
      }
    }
  },
  "root": "root",
  "version": 7
}
